
Microsoft Visual Studio Solution File, Format Version 12.00
# Visual Studio Version 17
VisualStudioVersion = 17.0.31410.414
MinimumVisualStudioVersion = 10.0.40219.1
Project("{8BC9CEB8-8B4A-11D0-8D11-00A0C91BC942}") = "cpp_units", "cpp_units.vcxproj", "{9C30DC5C-1DAF-49D7-B9F4-97FACB983064}"
EndProject
Global
	GlobalSection(SolutionConfigurationPlatforms) = preSolution
		Debug|x64 = Debug|x64
		Debug|x86 = Debug|x86
		Release|x64 = Release|x64
		Release|x86 = Release|x86
	EndGlobalSection
	GlobalSection(ProjectConfigurationPlatforms) = postSolution
		{9C30DC5C-1DAF-49D7-B9F4-97FACB983064}.Debug|x64.ActiveCfg = Debug|x64
		{9C30DC5C-1DAF-49D7-B9F4-97FACB983064}.Debug|x64.Build.0 = Debug|x64
		{9C30DC5C-1DAF-49D7-B9F4-97FACB983064}.Debug|x86.ActiveCfg = Debug|Win32
		{9C30DC5C-1DAF-49D7-B9F4-97FACB983064}.Debug|x86.Build.0 = Debug|Win32
		{9C30DC5C-1DAF-49D7-B9F4-97FACB983064}.Release|x64.ActiveCfg = Release|x64
		{9C30DC5C-1DAF-49D7-B9F4-97FACB983064}.Release|x64.Build.0 = Release|x64
		{9C30DC5C-1DAF-49D7-B9F4-97FACB983064}.Release|x86.ActiveCfg = Release|Win32
		{9C30DC5C-1DAF-49D7-B9F4-97FACB983064}.Release|x86.Build.0 = Release|Win32
	EndGlobalSection
	GlobalSection(SolutionProperties) = preSolution
		HideSolutionNode = FALSE
	EndGlobalSection
	GlobalSection(ExtensibilityGlobals) = postSolution
		SolutionGuid = {9D793B08-4699-487B-BEFD-6BCBF19D8AE4}
	EndGlobalSection
EndGlobal
